
Microsoft Visual Studio Solution File, Format Version 12.00
# Visual Studio 2012
Project("{FAE04EC0-301F-11D3-BF4B-00C04F79EFBC}") = "BootstrapComponents", "BootstrapComponents\BootstrapComponents.csproj", "{CBD08733-C82C-4426-BB9B-BC70696F0257}"
EndProject
Project("{FAE04EC0-301F-11D3-BF4B-00C04F79EFBC}") = "BootstrapComponents.Tests", "BootstrapComponents.Tests\BootstrapComponents.Tests.csproj", "{5239E4CA-8945-45E5-94EB-E6792C1F5B45}"
EndProject
Project("{2150E333-8FDC-42A3-9474-1A3956D46DE8}") = ".nuget", ".nuget", "{C3080EC0-FE75-4525-9F95-29CC04C83FD4}"
	ProjectSection(SolutionItems) = preProject
		.nuget\NuGet.Config = .nuget\NuGet.Config
		.nuget\NuGet.exe = .nuget\NuGet.exe
		.nuget\NuGet.targets = .nuget\NuGet.targets
	EndProjectSection
EndProject
Project("{FAE04EC0-301F-11D3-BF4B-00C04F79EFBC}") = "BootstrapComponents.Web", "BootstrapComponents.Web\BootstrapComponents.Web.csproj", "{0F02413E-9445-4647-89CE-403683A3340E}"
EndProject
Global
	GlobalSection(SolutionConfigurationPlatforms) = preSolution
		Debug|Any CPU = Debug|Any CPU
		Release|Any CPU = Release|Any CPU
	EndGlobalSection
	GlobalSection(ProjectConfigurationPlatforms) = postSolution
		{CBD08733-C82C-4426-BB9B-BC70696F0257}.Debug|Any CPU.ActiveCfg = Debug|Any CPU
		{CBD08733-C82C-4426-BB9B-BC70696F0257}.Debug|Any CPU.Build.0 = Debug|Any CPU
		{CBD08733-C82C-4426-BB9B-BC70696F0257}.Release|Any CPU.ActiveCfg = Release|Any CPU
		{CBD08733-C82C-4426-BB9B-BC70696F0257}.Release|Any CPU.Build.0 = Release|Any CPU
		{5239E4CA-8945-45E5-94EB-E6792C1F5B45}.Debug|Any CPU.ActiveCfg = Debug|Any CPU
		{5239E4CA-8945-45E5-94EB-E6792C1F5B45}.Debug|Any CPU.Build.0 = Debug|Any CPU
		{5239E4CA-8945-45E5-94EB-E6792C1F5B45}.Release|Any CPU.ActiveCfg = Release|Any CPU
		{5239E4CA-8945-45E5-94EB-E6792C1F5B45}.Release|Any CPU.Build.0 = Release|Any CPU
		{0F02413E-9445-4647-89CE-403683A3340E}.Debug|Any CPU.ActiveCfg = Debug|Any CPU
		{0F02413E-9445-4647-89CE-403683A3340E}.Debug|Any CPU.Build.0 = Debug|Any CPU
		{0F02413E-9445-4647-89CE-403683A3340E}.Release|Any CPU.ActiveCfg = Release|Any CPU
		{0F02413E-9445-4647-89CE-403683A3340E}.Release|Any CPU.Build.0 = Release|Any CPU
	EndGlobalSection
	GlobalSection(SolutionProperties) = preSolution
		HideSolutionNode = FALSE
	EndGlobalSection
EndGlobal
